
Microsoft Visual Studio Solution File, Format Version 12.00
# Visual Studio 15
VisualStudioVersion = 15.0.28307.489
MinimumVisualStudioVersion = 10.0.40219.1
Project("{FAE04EC0-301F-11D3-BF4B-00C04F79EFBC}") = "TravelAgencyTest", "TravelAgencyTest\TravelAgencyTest.csproj", "{FBC5763B-452D-4F7C-8208-4933C7CB53FA}"
EndProject
Global
	GlobalSection(SolutionConfigurationPlatforms) = preSolution
		Debug|Any CPU = Debug|Any CPU
		Release|Any CPU = Release|Any CPU
	EndGlobalSection
	GlobalSection(ProjectConfigurationPlatforms) = postSolution
		{FBC5763B-452D-4F7C-8208-4933C7CB53FA}.Debug|Any CPU.ActiveCfg = Debug|Any CPU
		{FBC5763B-452D-4F7C-8208-4933C7CB53FA}.Debug|Any CPU.Build.0 = Debug|Any CPU
		{FBC5763B-452D-4F7C-8208-4933C7CB53FA}.Release|Any CPU.ActiveCfg = Release|Any CPU
		{FBC5763B-452D-4F7C-8208-4933C7CB53FA}.Release|Any CPU.Build.0 = Release|Any CPU
	EndGlobalSection
	GlobalSection(SolutionProperties) = preSolution
		HideSolutionNode = FALSE
	EndGlobalSection
	GlobalSection(ExtensibilityGlobals) = postSolution
		SolutionGuid = {3351091C-E5D6-4F3C-8702-78BCA25448D0}
	EndGlobalSection
EndGlobal
